
Microsoft Visual Studio Solution File, Format Version 12.00
# Visual Studio Version 16
VisualStudioVersion = 16.0.30717.126
MinimumVisualStudioVersion = 10.0.40219.1
Project("{9A19103F-16F7-4668-BE54-9A1E7A4F7556}") = "DataAccess", "DataAccess\DataAccess.csproj", "{480E66C9-A381-4B64-A531-536C29AA8A17}"
EndProject
Project("{9A19103F-16F7-4668-BE54-9A1E7A4F7556}") = "Business", "Business\Business.csproj", "{18212C70-FF5F-4418-93B6-CFE9EC1AD04D}"
EndProject
Project("{9A19103F-16F7-4668-BE54-9A1E7A4F7556}") = "Entities", "Entities\Entities.csproj", "{926C8269-21ED-45C0-8EB6-682E33A19212}"
EndProject
Project("{9A19103F-16F7-4668-BE54-9A1E7A4F7556}") = "ConsoleUI", "ConsoleUI\ConsoleUI.csproj", "{006B0A12-9C6B-4CF7-8DE5-1C7A48D321A2}"
EndProject
Project("{9A19103F-16F7-4668-BE54-9A1E7A4F7556}") = "Core", "Core\Core.csproj", "{27270992-3D80-4D3D-827D-1D9EB84F57BF}"
EndProject
Project("{9A19103F-16F7-4668-BE54-9A1E7A4F7556}") = "WebAPI", "WebAPI\WebAPI.csproj", "{7AFADBD1-F8B7-4069-AFC1-1626A945883C}"
EndProject
Project("{2150E333-8FDC-42A3-9474-1A3956D46DE8}") = "Files", "Files", "{C95D86FF-A6B0-4C9B-9CD4-8C421FE496F2}"
EndProject
Global
	GlobalSection(SolutionConfigurationPlatforms) = preSolution
		Debug|Any CPU = Debug|Any CPU
		Release|Any CPU = Release|Any CPU
	EndGlobalSection
	GlobalSection(ProjectConfigurationPlatforms) = postSolution
		{480E66C9-A381-4B64-A531-536C29AA8A17}.Debug|Any CPU.ActiveCfg = Debug|Any CPU
		{480E66C9-A381-4B64-A531-536C29AA8A17}.Debug|Any CPU.Build.0 = Debug|Any CPU
		{480E66C9-A381-4B64-A531-536C29AA8A17}.Release|Any CPU.ActiveCfg = Release|Any CPU
		{480E66C9-A381-4B64-A531-536C29AA8A17}.Release|Any CPU.Build.0 = Release|Any CPU
		{18212C70-FF5F-4418-93B6-CFE9EC1AD04D}.Debug|Any CPU.ActiveCfg = Debug|Any CPU
		{18212C70-FF5F-4418-93B6-CFE9EC1AD04D}.Debug|Any CPU.Build.0 = Debug|Any CPU
		{18212C70-FF5F-4418-93B6-CFE9EC1AD04D}.Release|Any CPU.ActiveCfg = Release|Any CPU
		{18212C70-FF5F-4418-93B6-CFE9EC1AD04D}.Release|Any CPU.Build.0 = Release|Any CPU
		{926C8269-21ED-45C0-8EB6-682E33A19212}.Debug|Any CPU.ActiveCfg = Debug|Any CPU
		{926C8269-21ED-45C0-8EB6-682E33A19212}.Debug|Any CPU.Build.0 = Debug|Any CPU
		{926C8269-21ED-45C0-8EB6-682E33A19212}.Release|Any CPU.ActiveCfg = Release|Any CPU
		{926C8269-21ED-45C0-8EB6-682E33A19212}.Release|Any CPU.Build.0 = Release|Any CPU
		{006B0A12-9C6B-4CF7-8DE5-1C7A48D321A2}.Debug|Any CPU.ActiveCfg = Debug|Any CPU
		{006B0A12-9C6B-4CF7-8DE5-1C7A48D321A2}.Debug|Any CPU.Build.0 = Debug|Any CPU
		{006B0A12-9C6B-4CF7-8DE5-1C7A48D321A2}.Release|Any CPU.ActiveCfg = Release|Any CPU
		{006B0A12-9C6B-4CF7-8DE5-1C7A48D321A2}.Release|Any CPU.Build.0 = Release|Any CPU
		{27270992-3D80-4D3D-827D-1D9EB84F57BF}.Debug|Any CPU.ActiveCfg = Debug|Any CPU
		{27270992-3D80-4D3D-827D-1D9EB84F57BF}.Debug|Any CPU.Build.0 = Debug|Any CPU
		{27270992-3D80-4D3D-827D-1D9EB84F57BF}.Release|Any CPU.ActiveCfg = Release|Any CPU
		{27270992-3D80-4D3D-827D-1D9EB84F57BF}.Release|Any CPU.Build.0 = Release|Any CPU
		{7AFADBD1-F8B7-4069-AFC1-1626A945883C}.Debug|Any CPU.ActiveCfg = Debug|Any CPU
		{7AFADBD1-F8B7-4069-AFC1-1626A945883C}.Debug|Any CPU.Build.0 = Debug|Any CPU
		{7AFADBD1-F8B7-4069-AFC1-1626A945883C}.Release|Any CPU.ActiveCfg = Release|Any CPU
		{7AFADBD1-F8B7-4069-AFC1-1626A945883C}.Release|Any CPU.Build.0 = Release|Any CPU
	EndGlobalSection
	GlobalSection(SolutionProperties) = preSolution
		HideSolutionNode = FALSE
	EndGlobalSection
	GlobalSection(ExtensibilityGlobals) = postSolution
		SolutionGuid = {5CB7B894-470C-4176-8B1C-F9EBFD5F9434}
	EndGlobalSection
EndGlobal
